{
  "name": "my-prisma-project",
  "version": "1.0.0",
  "lockfileVersion": 2,
  "requires": true,
  "packages": {
    "": {
      "name": "my-prisma-project",
      "version": "1.0.0",
      "license": "ISC",
      "dependencies": {
        "@prisma/client": "^3.0.2"
      },
      "devDependencies": {
        "prisma": "^3.0.2"
      }
    },
    "node_modules/@prisma/client": {
      "version": "3.0.2",
      "resolved": "https://registry.npmjs.org/@prisma/client/-/client-3.0.2.tgz",
      "integrity": "sha512-6SrDYY2Yr5AmYpVB3XAXFqfzxKMdDTemXR7FmfXthnxWhQHoBwRLNZ3B3GyI/MmWa5tr+kaaGDJjp1LU0vuYvQ==",
      "hasInstallScript": true,
      "dependencies": {
        "@prisma/engines-version": "2.31.0-32.2452cc6313d52b8b9a96999ac0e974d0aedf88db"
      },
      "engines": {
        "node": ">=12.6"
      },
      "peerDependencies": {
        "prisma": "*"
      },
      "peerDependenciesMeta": {
        "prisma": {
          "optional": true
        }
      }
    },
    "node_modules/@prisma/engines": {
      "version": "2.31.0-32.2452cc6313d52b8b9a96999ac0e974d0aedf88db",
      "resolved": "https://registry.npmjs.org/@prisma/engines/-/engines-2.31.0-32.2452cc6313d52b8b9a96999ac0e974d0aedf88db.tgz",
      "integrity": "sha512-Q9CwN6e5E5Abso7J3A1fHbcF4NXGRINyMnf7WQ07fXaebxTTARY5BNUzy2Mo5uH82eRVO5v7ImNuR044KTjLJg==",
      "devOptional": true,
      "hasInstallScript": true
    },
    "node_modules/@prisma/engines-version": {
      "version": "2.31.0-32.2452cc6313d52b8b9a96999ac0e974d0aedf88db",
      "resolved": "https://registry.npmjs.org/@prisma/engines-version/-/engines-version-2.31.0-32.2452cc6313d52b8b9a96999ac0e974d0aedf88db.tgz",
      "integrity": "sha512-iArSApZZImVmT9oC/rGOjzvpG2AOqlIeqYcVnop9poA3FxD4zfVPbNPH9DTgOWhc06OkBHujJZeAcsNddVabIQ=="
    },
    "node_modules/prisma": {
      "version": "3.0.2",
      "resolved": "https://registry.npmjs.org/prisma/-/prisma-3.0.2.tgz",
      "integrity": "sha512-TyOCbtWGDVdWvsM1RhUzJXoGClXGalHhyYWIc5eizSF8T1ScGiOa34asBUdTnXOUBFSErbsqMNw40DHAteBm1A==",
      "devOptional": true,
      "hasInstallScript": true,
      "dependencies": {
        "@prisma/engines": "2.31.0-32.2452cc6313d52b8b9a96999ac0e974d0aedf88db"
      },
      "bin": {
        "prisma": "build/index.js",
        "prisma2": "build/index.js"
      },
      "engines": {
        "node": ">=12.6"
      }
    }
  },
  "dependencies": {
    "@prisma/client": {
      "version": "3.0.2",
      "resolved": "https://registry.npmjs.org/@prisma/client/-/client-3.0.2.tgz",
      "integrity": "sha512-6SrDYY2Yr5AmYpVB3XAXFqfzxKMdDTemXR7FmfXthnxWhQHoBwRLNZ3B3GyI/MmWa5tr+kaaGDJjp1LU0vuYvQ==",
      "requires": {
        "@prisma/engines-version": "2.31.0-32.2452cc6313d52b8b9a96999ac0e974d0aedf88db"
      }
    },
    "@prisma/engines": {
      "version": "2.31.0-32.2452cc6313d52b8b9a96999ac0e974d0aedf88db",
      "resolved": "https://registry.npmjs.org/@prisma/engines/-/engines-2.31.0-32.2452cc6313d52b8b9a96999ac0e974d0aedf88db.tgz",
      "integrity": "sha512-Q9CwN6e5E5Abso7J3A1fHbcF4NXGRINyMnf7WQ07fXaebxTTARY5BNUzy2Mo5uH82eRVO5v7ImNuR044KTjLJg==",
      "devOptional": true
    },
    "@prisma/engines-version": {
      "version": "2.31.0-32.2452cc6313d52b8b9a96999ac0e974d0aedf88db",
      "resolved": "https://registry.npmjs.org/@prisma/engines-version/-/engines-version-2.31.0-32.2452cc6313d52b8b9a96999ac0e974d0aedf88db.tgz",
      "integrity": "sha512-iArSApZZImVmT9oC/rGOjzvpG2AOqlIeqYcVnop9poA3FxD4zfVPbNPH9DTgOWhc06OkBHujJZeAcsNddVabIQ=="
    },
    "prisma": {
      "version": "3.0.2",
      "resolved": "https://registry.npmjs.org/prisma/-/prisma-3.0.2.tgz",
      "integrity": "sha512-TyOCbtWGDVdWvsM1RhUzJXoGClXGalHhyYWIc5eizSF8T1ScGiOa34asBUdTnXOUBFSErbsqMNw40DHAteBm1A==",
      "devOptional": true,
      "requires": {
        "@prisma/engines": "2.31.0-32.2452cc6313d52b8b9a96999ac0e974d0aedf88db"
      }
    }
  }
}
